
Microsoft Visual Studio Solution File, Format Version 12.00
# Visual Studio Version 17
VisualStudioVersion = 17.9.34728.123
MinimumVisualStudioVersion = 10.0.40219.1
Project("{FAE04EC0-301F-11D3-BF4B-00C04F79EFBC}") = "C_sharp_Projet_Finale", "C_sharp_Projet_Finale.csproj", "{D5B0822F-0939-4925-9EF2-B7D22620ADBE}"
EndProject
Global
	GlobalSection(SolutionConfigurationPlatforms) = preSolution
		Debug|Any CPU = Debug|Any CPU
		Release|Any CPU = Release|Any CPU
	EndGlobalSection
	GlobalSection(ProjectConfigurationPlatforms) = postSolution
		{D5B0822F-0939-4925-9EF2-B7D22620ADBE}.Debug|Any CPU.ActiveCfg = Debug|Any CPU
		{D5B0822F-0939-4925-9EF2-B7D22620ADBE}.Debug|Any CPU.Build.0 = Debug|Any CPU
		{D5B0822F-0939-4925-9EF2-B7D22620ADBE}.Release|Any CPU.ActiveCfg = Release|Any CPU
		{D5B0822F-0939-4925-9EF2-B7D22620ADBE}.Release|Any CPU.Build.0 = Release|Any CPU
	EndGlobalSection
	GlobalSection(SolutionProperties) = preSolution
		HideSolutionNode = FALSE
	EndGlobalSection
	GlobalSection(ExtensibilityGlobals) = postSolution
		SolutionGuid = {87DD1441-2841-4BFD-9621-F94E1547259C}
	EndGlobalSection
EndGlobal
